// !$*UTF8*$!
{
	archiveVersion = 1;
	classes = {
	};
	objectVersion = 50;
	objects = {

/* Begin PBXBuildFile section */
		698C8F47227226F50058F368 /* AppDelegate.swift in Sources */ = {isa = PBXBuildFile; fileRef = 698C8F46227226F50058F368 /* AppDelegate.swift */; };
		698C8F49227226F50058F368 /* ViewController.swift in Sources */ = {isa = PBXBuildFile; fileRef = 698C8F48227226F50058F368 /* ViewController.swift */; };
		698C8F4C227226F50058F368 /* Main.storyboard in Resources */ = {isa = PBXBuildFile; fileRef = 698C8F4A227226F50058F368 /* Main.storyboard */; };
		698C8F4E227226F60058F368 /* Assets.xcassets in Resources */ = {isa = PBXBuildFile; fileRef = 698C8F4D227226F60058F368 /* Assets.xcassets */; };
		698C8F51227226F60058F368 /* LaunchScreen.storyboard in Resources */ = {isa = PBXBuildFile; fileRef = 698C8F4F227226F60058F368 /* LaunchScreen.storyboard */; };
		698C8F5D227228D80058F368 /* AppExtention.swift in Sources */ = {isa = PBXBuildFile; fileRef = 698C8F5C227228D80058F368 /* AppExtention.swift */; };
		698C8F60227229170058F368 /* AppConstant.swift in Sources */ = {isa = PBXBuildFile; fileRef = 698C8F5F227229170058F368 /* AppConstant.swift */; };
		F7703948D65B6A7E3D638185 /* Pods_SwiftExampleCode.framework in Frameworks */ = {isa = PBXBuildFile; fileRef = C00D8FD333EC898179C617F9 /* Pods_SwiftExampleCode.framework */; };
/* End PBXBuildFile section */

/* Begin PBXFileReference section */
		698C8F43227226F50058F368 /* SwiftExampleCode.app */ = {isa = PBXFileReference; explicitFileType = wrapper.application; includeInIndex = 0; path = SwiftExampleCode.app; sourceTree = BUILT_PRODUCTS_DIR; };
		698C8F46227226F50058F368 /* AppDelegate.swift */ = {isa = PBXFileReference; lastKnownFileType = sourcecode.swift; path = AppDelegate.swift; sourceTree = "<group>"; };
		698C8F48227226F50058F368 /* ViewController.swift */ = {isa = PBXFileReference; lastKnownFileType = sourcecode.swift; path = ViewController.swift; sourceTree = "<group>"; };
		698C8F4B227226F50058F368 /* Base */ = {isa = PBXFileReference; lastKnownFileType = file.storyboard; name = Base; path = Base.lproj/Main.storyboard; sourceTree = "<group>"; };
		698C8F4D227226F60058F368 /* Assets.xcassets */ = {isa = PBXFileReference; lastKnownFileType = folder.assetcatalog; path = Assets.xcassets; sourceTree = "<group>"; };
		698C8F50227226F60058F368 /* Base */ = {isa = PBXFileReference; lastKnownFileType = file.storyboard; name = Base; path = Base.lproj/LaunchScreen.storyboard; sourceTree = "<group>"; };
		698C8F52227226F60058F368 /* Info.plist */ = {isa = PBXFileReference; lastKnownFileType = text.plist.xml; path = Info.plist; sourceTree = "<group>"; };
		698C8F5C227228D80058F368 /* AppExtention.swift */ = {isa = PBXFileReference; lastKnownFileType = sourcecode.swift; path = AppExtention.swift; sourceTree = "<group>"; };
		698C8F5F227229170058F368 /* AppConstant.swift */ = {isa = PBXFileReference; lastKnownFileType = sourcecode.swift; path = AppConstant.swift; sourceTree = "<group>"; };
		7C74D3C825BEBAE364551834 /* Pods-SwiftExampleCode.release.xcconfig */ = {isa = PBXFileReference; includeInIndex = 1; lastKnownFileType = text.xcconfig; name = "Pods-SwiftExampleCode.release.xcconfig"; path = "Target Support Files/Pods-SwiftExampleCode/Pods-SwiftExampleCode.release.xcconfig"; sourceTree = "<group>"; };
		C00D8FD333EC898179C617F9 /* Pods_SwiftExampleCode.framework */ = {isa = PBXFileReference; explicitFileType = wrapper.framework; includeInIndex = 0; path = Pods_SwiftExampleCode.framework; sourceTree = BUILT_PRODUCTS_DIR; };
		FE26E4EAF012C53E2CE97140 /* Pods-SwiftExampleCode.debug.xcconfig */ = {isa = PBXFileReference; includeInIndex = 1; lastKnownFileType = text.xcconfig; name = "Pods-SwiftExampleCode.debug.xcconfig"; path = "Target Support Files/Pods-SwiftExampleCode/Pods-SwiftExampleCode.debug.xcconfig"; sourceTree = "<group>"; };
/* End PBXFileReference section */

/* Begin PBXFrameworksBuildPhase section */
		698C8F40227226F50058F368 /* Frameworks */ = {
			isa = PBXFrameworksBuildPhase;
			buildActionMask = 2147483647;
			files = (
				F7703948D65B6A7E3D638185 /* Pods_SwiftExampleCode.framework in Frameworks */,
			);
			runOnlyForDeploymentPostprocessing = 0;
		};
/* End PBXFrameworksBuildPhase section */

/* Begin PBXGroup section */
		129E3A25FA536AD284051905 /* Pods */ = {
			isa = PBXGroup;
			children = (
				FE26E4EAF012C53E2CE97140 /* Pods-SwiftExampleCode.debug.xcconfig */,
				7C74D3C825BEBAE364551834 /* Pods-SwiftExampleCode.release.xcconfig */,
			);
			name = Pods;
			path = Pods;
			sourceTree = "<group>";
		};
		6589B71D5080FB6A953CFF27 /* Frameworks */ = {
			isa = PBXGroup;
			children = (
				C00D8FD333EC898179C617F9 /* Pods_SwiftExampleCode.framework */,
			);
			name = Frameworks;
			sourceTree = "<group>";
		};
		698C8F3A227226F50058F368 = {
			isa = PBXGroup;
			children = (
				698C8F45227226F50058F368 /* SwiftExampleCode */,
				698C8F44227226F50058F368 /* Products */,
				129E3A25FA536AD284051905 /* Pods */,
				6589B71D5080FB6A953CFF27 /* Frameworks */,
			);
			sourceTree = "<group>";
		};
		698C8F44227226F50058F368 /* Products */ = {
			isa = PBXGroup;
			children = (
				698C8F43227226F50058F368 /* SwiftExampleCode.app */,
			);
			name = Products;
			sourceTree = "<group>";
		};
		698C8F45227226F50058F368 /* SwiftExampleCode */ = {
			isa = PBXGroup;
			children = (
				698C8F59227227120058F368 /* Util */,
				698C8F582272270D0058F368 /* API */,
				698C8F46227226F50058F368 /* AppDelegate.swift */,
				698C8F48227226F50058F368 /* ViewController.swift */,
				698C8F4A227226F50058F368 /* Main.storyboard */,
				698C8F4D227226F60058F368 /* Assets.xcassets */,
				698C8F4F227226F60058F368 /* LaunchScreen.storyboard */,
				698C8F52227226F60058F368 /* Info.plist */,
			);
			path = SwiftExampleCode;
			sourceTree = "<group>";
		};
		698C8F582272270D0058F368 /* API */ = {
			isa = PBXGroup;
			children = (
			);
			path = API;
			sourceTree = "<group>";
		};
		698C8F59227227120058F368 /* Util */ = {
			isa = PBXGroup;
			children = (
				698C8F5E227228FB0058F368 /* AppConstant */,
				698C8F5B227227200058F368 /* New Group */,
				698C8F5A227227170058F368 /* AppExtention */,
			);
			path = Util;
			sourceTree = "<group>";
		};
		698C8F5A227227170058F368 /* AppExtention */ = {
			isa = PBXGroup;
			children = (
				698C8F5C227228D80058F368 /* AppExtention.swift */,
			);
			path = AppExtention;
			sourceTree = "<group>";
		};
		698C8F5B227227200058F368 /* New Group */ = {
			isa = PBXGroup;
			children = (
			);
			path = "New Group";
			sourceTree = "<group>";
		};
		698C8F5E227228FB0058F368 /* AppConstant */ = {
			isa = PBXGroup;
			children = (
				698C8F5F227229170058F368 /* AppConstant.swift */,
			);
			path = AppConstant;
			sourceTree = "<group>";
		};
/* End PBXGroup section */

/* Begin PBXNativeTarget section */
		698C8F42227226F50058F368 /* SwiftExampleCode */ = {
			isa = PBXNativeTarget;
			buildConfigurationList = 698C8F55227226F60058F368 /* Build configuration list for PBXNativeTarget "SwiftExampleCode" */;
			buildPhases = (
				3FC38397826B03330BA8970F /* [CP] Check Pods Manifest.lock */,
				698C8F3F227226F50058F368 /* Sources */,
				698C8F40227226F50058F368 /* Frameworks */,
				698C8F41227226F50058F368 /* Resources */,
				ABFFD9D3F127E637681D04A2 /* [CP] Embed Pods Frameworks */,
			);
			buildRules = (
			);
			dependencies = (
			);
			name = SwiftExampleCode;
			productName = SwiftExampleCode;
			productReference = 698C8F43227226F50058F368 /* SwiftExampleCode.app */;
			productType = "com.apple.product-type.application";
		};
/* End PBXNativeTarget section */

/* Begin PBXProject section */
		698C8F3B227226F50058F368 /* Project object */ = {
			isa = PBXProject;
			attributes = {
				LastSwiftUpdateCheck = 1010;
				LastUpgradeCheck = 1010;
				ORGANIZATIONNAME = JITESH;
				TargetAttributes = {
					698C8F42227226F50058F368 = {
						CreatedOnToolsVersion = 10.1;
					};
				};
			};
			buildConfigurationList = 698C8F3E227226F50058F368 /* Build configuration list for PBXProject "SwiftExampleCode" */;
			compatibilityVersion = "Xcode 9.3";
			developmentRegion = en;
			hasScannedForEncodings = 0;
			knownRegions = (
				en,
				Base,
			);
			mainGroup = 698C8F3A227226F50058F368;
			productRefGroup = 698C8F44227226F50058F368 /* Products */;
			projectDirPath = "";
			projectRoot = "";
			targets = (
				698C8F42227226F50058F368 /* SwiftExampleCode */,
			);
		};
/* End PBXProject section */

/* Begin PBXResourcesBuildPhase section */
		698C8F41227226F50058F368 /* Resources */ = {
			isa = PBXResourcesBuildPhase;
			buildActionMask = 2147483647;
			files = (
				698C8F51227226F60058F368 /* LaunchScreen.storyboard in Resources */,
				698C8F4E227226F60058F368 /* Assets.xcassets in Resources */,
				698C8F4C227226F50058F368 /* Main.storyboard in Resources */,
			);
			runOnlyForDeploymentPostprocessing = 0;
		};
/* End PBXResourcesBuildPhase section */

/* Begin PBXShellScriptBuildPhase section */
		3FC38397826B03330BA8970F /* [CP] Check Pods Manifest.lock */ = {
			isa = PBXShellScriptBuildPhase;
			buildActionMask = 2147483647;
			files = (
			);
			inputFileListPaths = (
			);
			inputPaths = (
				"${PODS_PODFILE_DIR_PATH}/Podfile.lock",
				"${PODS_ROOT}/Manifest.lock",
			);
			name = "[CP] Check Pods Manifest.lock";
			outputFileListPaths = (
			);
			outputPaths = (
				"$(DERIVED_FILE_DIR)/Pods-SwiftExampleCode-checkManifestLockResult.txt",
			);
			runOnlyForDeploymentPostprocessing = 0;
			shellPath = /bin/sh;
			shellScript = "diff \"${PODS_PODFILE_DIR_PATH}/Podfile.lock\" \"${PODS_ROOT}/Manifest.lock\" > /dev/null\nif [ $? != 0 ] ; then\n    # print error to STDERR\n    echo \"error: The sandbox is not in sync with the Podfile.lock. Run 'pod install' or update your CocoaPods installation.\" >&2\n    exit 1\nfi\n# This output is used by Xcode 'outputs' to avoid re-running this script phase.\necho \"SUCCESS\" > \"${SCRIPT_OUTPUT_FILE_0}\"\n";
			showEnvVarsInLog = 0;
		};
		ABFFD9D3F127E637681D04A2 /* [CP] Embed Pods Frameworks */ = {
			isa = PBXShellScriptBuildPhase;
			buildActionMask = 2147483647;
			files = (
			);
			inputFileListPaths = (
			);
			inputPaths = (
				"${PODS_ROOT}/Target Support Files/Pods-SwiftExampleCode/Pods-SwiftExampleCode-frameworks.sh",
				"${BUILT_PRODUCTS_DIR}/Alamofire/Alamofire.framework",
				"${BUILT_PRODUCTS_DIR}/SDWebImage/SDWebImage.framework",
				"${BUILT_PRODUCTS_DIR}/SVProgressHUD/SVProgressHUD.framework",
			);
			name = "[CP] Embed Pods Frameworks";
			outputFileListPaths = (
			);
			outputPaths = (
				"${TARGET_BUILD_DIR}/${FRAMEWORKS_FOLDER_PATH}/Alamofire.framework",
				"${TARGET_BUILD_DIR}/${FRAMEWORKS_FOLDER_PATH}/SDWebImage.framework",
				"${TARGET_BUILD_DIR}/${FRAMEWORKS_FOLDER_PATH}/SVProgressHUD.framework",
			);
			runOnlyForDeploymentPostprocessing = 0;
			shellPath = /bin/sh;
			shellScript = "\"${PODS_ROOT}/Target Support Files/Pods-SwiftExampleCode/Pods-SwiftExampleCode-frameworks.sh\"\n";
			showEnvVarsInLog = 0;
		};
/* End PBXShellScriptBuildPhase section */

/* Begin PBXSourcesBuildPhase section */
		698C8F3F227226F50058F368 /* Sources */ = {
			isa = PBXSourcesBuildPhase;
			buildActionMask = 2147483647;
			files = (
				698C8F49227226F50058F368 /* ViewController.swift in Sources */,
				698C8F5D227228D80058F368 /* AppExtention.swift in Sources */,
				698C8F47227226F50058F368 /* AppDelegate.swift in Sources */,
				698C8F60227229170058F368 /* AppConstant.swift in Sources */,
			);
			runOnlyForDeploymentPostprocessing = 0;
		};
/* End PBXSourcesBuildPhase section */

/* Begin PBXVariantGroup section */
		698C8F4A227226F50058F368 /* Main.storyboard */ = {
			isa = PBXVariantGroup;
			children = (
				698C8F4B227226F50058F368 /* Base */,
			);
			name = Main.storyboard;
			sourceTree = "<group>";
		};
		698C8F4F227226F60058F368 /* LaunchScreen.storyboard */ = {
			isa = PBXVariantGroup;
			children = (
				698C8F50227226F60058F368 /* Base */,
			);
			name = LaunchScreen.storyboard;
			sourceTree = "<group>";
		};
/* End PBXVariantGroup section */

/* Begin XCBuildConfiguration section */
		698C8F53227226F60058F368 /* Debug */ = {
			isa = XCBuildConfiguration;
			buildSettings = {
				ALWAYS_SEARCH_USER_PATHS = NO;
				CLANG_ANALYZER_NONNULL = YES;
				CLANG_ANALYZER_NUMBER_OBJECT_CONVERSION = YES_AGGRESSIVE;
				CLANG_CXX_LANGUAGE_STANDARD = "gnu++14";
				CLANG_CXX_LIBRARY = "libc++";
				CLANG_ENABLE_MODULES = YES;
				CLANG_ENABLE_OBJC_ARC = YES;
				CLANG_ENABLE_OBJC_WEAK = YES;
				CLANG_WARN_BLOCK_CAPTURE_AUTORELEASING = YES;
				CLANG_WARN_BOOL_CONVERSION = YES;
				CLANG_WARN_COMMA = YES;
				CLANG_WARN_CONSTANT_CONVERSION = YES;
				CLANG_WARN_DEPRECATED_OBJC_IMPLEMENTATIONS = YES;
				CLANG_WARN_DIRECT_OBJC_ISA_USAGE = YES_ERROR;
				CLANG_WARN_DOCUMENTATION_COMMENTS = YES;
				CLANG_WARN_EMPTY_BODY = YES;
				CLANG_WARN_ENUM_CONVERSION = YES;
				CLANG_WARN_INFINITE_RECURSION = YES;
				CLANG_WARN_INT_CONVERSION = YES;
				CLANG_WARN_NON_LITERAL_NULL_CONVERSION = YES;
				CLANG_WARN_OBJC_IMPLICIT_RETAIN_SELF = YES;
				CLANG_WARN_OBJC_LITERAL_CONVERSION = YES;
				CLANG_WARN_OBJC_ROOT_CLASS = YES_ERROR;
				CLANG_WARN_RANGE_LOOP_ANALYSIS = YES;
				CLANG_WARN_STRICT_PROTOTYPES = YES;
				CLANG_WARN_SUSPICIOUS_MOVE = YES;
				CLANG_WARN_UNGUARDED_AVAILABILITY = YES_AGGRESSIVE;
				CLANG_WARN_UNREACHABLE_CODE = YES;
				CLANG_WARN__DUPLICATE_METHOD_MATCH = YES;
				CODE_SIGN_IDENTITY = "iPhone Developer";
				COPY_PHASE_STRIP = NO;
				DEBUG_INFORMATION_FORMAT = dwarf;
				ENABLE_STRICT_OBJC_MSGSEND = YES;
				ENABLE_TESTABILITY = YES;
				GCC_C_LANGUAGE_STANDARD = gnu11;
				GCC_DYNAMIC_NO_PIC = NO;
				GCC_NO_COMMON_BLOCKS = YES;
				GCC_OPTIMIZATION_LEVEL = 0;
				GCC_PREPROCESSOR_DEFINITIONS = (
					"DEBUG=1",
					"$(inherited)",
				);
				GCC_WARN_64_TO_32_BIT_CONVERSION = YES;
				GCC_WARN_ABOUT_RETURN_TYPE = YES_ERROR;
				GCC_WARN_UNDECLARED_SELECTOR = YES;
				GCC_WARN_UNINITIALIZED_AUTOS = YES_AGGRESSIVE;
				GCC_WARN_UNUSED_FUNCTION = YES;
				GCC_WARN_UNUSED_VARIABLE = YES;
				IPHONEOS_DEPLOYMENT_TARGET = 10.0;
				MTL_ENABLE_DEBUG_INFO = INCLUDE_SOURCE;
				MTL_FAST_MATH = YES;
				ONLY_ACTIVE_ARCH = YES;
				SDKROOT = iphoneos;
				SWIFT_ACTIVE_COMPILATION_CONDITIONS = DEBUG;
				SWIFT_OPTIMIZATION_LEVEL = "-Onone";
			};
			name = Debug;
		};
		698C8F54227226F60058F368 /* Release */ = {
			isa = XCBuildConfiguration;
			buildSettings = {
				ALWAYS_SEARCH_USER_PATHS = NO;
				CLANG_ANALYZER_NONNULL = YES;
				CLANG_ANALYZER_NUMBER_OBJECT_CONVERSION = YES_AGGRESSIVE;
				CLANG_CXX_LANGUAGE_STANDARD = "gnu++14";
				CLANG_CXX_LIBRARY = "libc++";
				CLANG_ENABLE_MODULES = YES;
				CLANG_ENABLE_OBJC_ARC = YES;
				CLANG_ENABLE_OBJC_WEAK = YES;
				CLANG_WARN_BLOCK_CAPTURE_AUTORELEASING = YES;
				CLANG_WARN_BOOL_CONVERSION = YES;
				CLANG_WARN_COMMA = YES;
				CLANG_WARN_CONSTANT_CONVERSION = YES;
				CLANG_WARN_DEPRECATED_OBJC_IMPLEMENTATIONS = YES;
				CLANG_WARN_DIRECT_OBJC_ISA_USAGE = YES_ERROR;
				CLANG_WARN_DOCUMENTATION_COMMENTS = YES;
				CLANG_WARN_EMPTY_BODY = YES;
				CLANG_WARN_ENUM_CONVERSION = YES;
				CLANG_WARN_INFINITE_RECURSION = YES;
				CLANG_WARN_INT_CONVERSION = YES;
				CLANG_WARN_NON_LITERAL_NULL_CONVERSION = YES;
				CLANG_WARN_OBJC_IMPLICIT_RETAIN_SELF = YES;
				CLANG_WARN_OBJC_LITERAL_CONVERSION = YES;
				CLANG_WARN_OBJC_ROOT_CLASS = YES_ERROR;
				CLANG_WARN_RANGE_LOOP_ANALYSIS = YES;
				CLANG_WARN_STRICT_PROTOTYPES = YES;
				CLANG_WARN_SUSPICIOUS_MOVE = YES;
				CLANG_WARN_UNGUARDED_AVAILABILITY = YES_AGGRESSIVE;
				CLANG_WARN_UNREACHABLE_CODE = YES;
				CLANG_WARN__DUPLICATE_METHOD_MATCH = YES;
				CODE_SIGN_IDENTITY = "iPhone Developer";
				COPY_PHASE_STRIP = NO;
				DEBUG_INFORMATION_FORMAT = "dwarf-with-dsym";
				ENABLE_NS_ASSERTIONS = NO;
				ENABLE_STRICT_OBJC_MSGSEND = YES;
				GCC_C_LANGUAGE_STANDARD = gnu11;
				GCC_NO_COMMON_BLOCKS = YES;
				GCC_WARN_64_TO_32_BIT_CONVERSION = YES;
				GCC_WARN_ABOUT_RETURN_TYPE = YES_ERROR;
				GCC_WARN_UNDECLARED_SELECTOR = YES;
				GCC_WARN_UNINITIALIZED_AUTOS = YES_AGGRESSIVE;
				GCC_WARN_UNUSED_FUNCTION = YES;
				GCC_WARN_UNUSED_VARIABLE = YES;
				IPHONEOS_DEPLOYMENT_TARGET = 10.0;
				MTL_ENABLE_DEBUG_INFO = NO;
				MTL_FAST_MATH = YES;
				SDKROOT = iphoneos;
				SWIFT_COMPILATION_MODE = wholemodule;
				SWIFT_OPTIMIZATION_LEVEL = "-O";
				VALIDATE_PRODUCT = YES;
			};
			name = Release;
		};
		698C8F56227226F60058F368 /* Debug */ = {
			isa = XCBuildConfiguration;
			baseConfigurationReference = FE26E4EAF012C53E2CE97140 /* Pods-SwiftExampleCode.debug.xcconfig */;
			buildSettings = {
				ASSETCATALOG_COMPILER_APPICON_NAME = AppIcon;
				CODE_SIGN_STYLE = Automatic;
				INFOPLIST_FILE = SwiftExampleCode/Info.plist;
				IPHONEOS_DEPLOYMENT_TARGET = 10.0;
				LD_RUNPATH_SEARCH_PATHS = (
					"$(inherited)",
					"@executable_path/Frameworks",
				);
				PRODUCT_BUNDLE_IDENTIFIER = com.app.SwiftExampleCode;
				PRODUCT_NAME = "$(TARGET_NAME)";
				SWIFT_VERSION = 4.0;
				TARGETED_DEVICE_FAMILY = 1;
			};
			name = Debug;
		};
		698C8F57227226F60058F368 /* Release */ = {
			isa = XCBuildConfiguration;
			baseConfigurationReference = 7C74D3C825BEBAE364551834 /* Pods-SwiftExampleCode.release.xcconfig */;
			buildSettings = {
				ASSETCATALOG_COMPILER_APPICON_NAME = AppIcon;
				CODE_SIGN_STYLE = Automatic;
				INFOPLIST_FILE = SwiftExampleCode/Info.plist;
				IPHONEOS_DEPLOYMENT_TARGET = 10.0;
				LD_RUNPATH_SEARCH_PATHS = (
					"$(inherited)",
					"@executable_path/Frameworks",
				);
				PRODUCT_BUNDLE_IDENTIFIER = com.app.SwiftExampleCode;
				PRODUCT_NAME = "$(TARGET_NAME)";
				SWIFT_VERSION = 4.0;
				TARGETED_DEVICE_FAMILY = 1;
			};
			name = Release;
		};
/* End XCBuildConfiguration section */

/* Begin XCConfigurationList section */
		698C8F3E227226F50058F368 /* Build configuration list for PBXProject "SwiftExampleCode" */ = {
			isa = XCConfigurationList;
			buildConfigurations = (
				698C8F53227226F60058F368 /* Debug */,
				698C8F54227226F60058F368 /* Release */,
			);
			defaultConfigurationIsVisible = 0;
			defaultConfigurationName = Release;
		};
		698C8F55227226F60058F368 /* Build configuration list for PBXNativeTarget "SwiftExampleCode" */ = {
			isa = XCConfigurationList;
			buildConfigurations = (
				698C8F56227226F60058F368 /* Debug */,
				698C8F57227226F60058F368 /* Release */,
			);
			defaultConfigurationIsVisible = 0;
			defaultConfigurationName = Release;
		};
/* End XCConfigurationList section */
	};
	rootObject = 698C8F3B227226F50058F368 /* Project object */;
}
